
Microsoft Visual Studio Solution File, Format Version 12.00
# Visual Studio Version 17
VisualStudioVersion = 17.2.32630.192
MinimumVisualStudioVersion = 10.0.40219.1
Project("{FAE04EC0-301F-11D3-BF4B-00C04F79EFBC}") = "DefiningClasses", "DefiningClasses\DefiningClasses.csproj", "{7C742EB8-9143-4EA6-927E-15D149464C45}"
EndProject
Global
	GlobalSection(SolutionConfigurationPlatforms) = preSolution
		Debug|Any CPU = Debug|Any CPU
		Release|Any CPU = Release|Any CPU
	EndGlobalSection
	GlobalSection(ProjectConfigurationPlatforms) = postSolution
		{7C742EB8-9143-4EA6-927E-15D149464C45}.Debug|Any CPU.ActiveCfg = Debug|Any CPU
		{7C742EB8-9143-4EA6-927E-15D149464C45}.Debug|Any CPU.Build.0 = Debug|Any CPU
		{7C742EB8-9143-4EA6-927E-15D149464C45}.Release|Any CPU.ActiveCfg = Release|Any CPU
		{7C742EB8-9143-4EA6-927E-15D149464C45}.Release|Any CPU.Build.0 = Release|Any CPU
	EndGlobalSection
	GlobalSection(SolutionProperties) = preSolution
		HideSolutionNode = FALSE
	EndGlobalSection
	GlobalSection(ExtensibilityGlobals) = postSolution
		SolutionGuid = {203AE92E-AEAC-4B85-8FD7-8C1E909E68F2}
	EndGlobalSection
EndGlobal
