
Microsoft Visual Studio Solution File, Format Version 12.00
# Visual Studio Version 17
VisualStudioVersion = 17.2.32630.192
MinimumVisualStudioVersion = 10.0.40219.1
Project("{FAE04EC0-301F-11D3-BF4B-00C04F79EFBC}") = "Box of T", "Box of T\Box of T.csproj", "{FD36AEE0-C44F-4DA4-BE7B-C6756ADB1F7F}"
EndProject
Project("{FAE04EC0-301F-11D3-BF4B-00C04F79EFBC}") = "GenericArrayCreator", "GenericArrayCreator\GenericArrayCreator.csproj", "{6ABEAC6F-5AFE-4284-A986-EDAB3AE6FC6A}"
EndProject
Project("{FAE04EC0-301F-11D3-BF4B-00C04F79EFBC}") = "GenericScale", "GenericScale\GenericScale.csproj", "{0A9CED3F-DAA6-4FA6-ACA0-3C27D9E15AAA}"
EndProject
Global
	GlobalSection(SolutionConfigurationPlatforms) = preSolution
		Debug|Any CPU = Debug|Any CPU
		Release|Any CPU = Release|Any CPU
	EndGlobalSection
	GlobalSection(ProjectConfigurationPlatforms) = postSolution
		{FD36AEE0-C44F-4DA4-BE7B-C6756ADB1F7F}.Debug|Any CPU.ActiveCfg = Debug|Any CPU
		{FD36AEE0-C44F-4DA4-BE7B-C6756ADB1F7F}.Debug|Any CPU.Build.0 = Debug|Any CPU
		{FD36AEE0-C44F-4DA4-BE7B-C6756ADB1F7F}.Release|Any CPU.ActiveCfg = Release|Any CPU
		{FD36AEE0-C44F-4DA4-BE7B-C6756ADB1F7F}.Release|Any CPU.Build.0 = Release|Any CPU
		{6ABEAC6F-5AFE-4284-A986-EDAB3AE6FC6A}.Debug|Any CPU.ActiveCfg = Debug|Any CPU
		{6ABEAC6F-5AFE-4284-A986-EDAB3AE6FC6A}.Debug|Any CPU.Build.0 = Debug|Any CPU
		{6ABEAC6F-5AFE-4284-A986-EDAB3AE6FC6A}.Release|Any CPU.ActiveCfg = Release|Any CPU
		{6ABEAC6F-5AFE-4284-A986-EDAB3AE6FC6A}.Release|Any CPU.Build.0 = Release|Any CPU
		{0A9CED3F-DAA6-4FA6-ACA0-3C27D9E15AAA}.Debug|Any CPU.ActiveCfg = Debug|Any CPU
		{0A9CED3F-DAA6-4FA6-ACA0-3C27D9E15AAA}.Debug|Any CPU.Build.0 = Debug|Any CPU
		{0A9CED3F-DAA6-4FA6-ACA0-3C27D9E15AAA}.Release|Any CPU.ActiveCfg = Release|Any CPU
		{0A9CED3F-DAA6-4FA6-ACA0-3C27D9E15AAA}.Release|Any CPU.Build.0 = Release|Any CPU
	EndGlobalSection
	GlobalSection(SolutionProperties) = preSolution
		HideSolutionNode = FALSE
	EndGlobalSection
	GlobalSection(ExtensibilityGlobals) = postSolution
		SolutionGuid = {A3F1FC10-E97C-4726-A22B-94D9570481A0}
	EndGlobalSection
EndGlobal
