
Microsoft Visual Studio Solution File, Format Version 12.00
# Visual Studio Version 17
VisualStudioVersion = 17.2.32630.192
MinimumVisualStudioVersion = 10.0.40219.1
Project("{9A19103F-16F7-4668-BE54-9A1E7A4F7556}") = "Sum Matrix Elements", "Sum Matrix Elements\Sum Matrix Elements.csproj", "{5DA26340-FF47-4F01-B7EF-3F313DCAC973}"
EndProject
Project("{9A19103F-16F7-4668-BE54-9A1E7A4F7556}") = "Sum Matrix Columns", "Sum Matrix Columns\Sum Matrix Columns.csproj", "{E1830498-1111-41E4-BD6A-0D87B3423E2C}"
EndProject
Project("{9A19103F-16F7-4668-BE54-9A1E7A4F7556}") = "Primary Diagonal", "Primary Diagonal\Primary Diagonal.csproj", "{90DD6773-7638-4BE7-B286-3D963BE8EE45}"
EndProject
Project("{9A19103F-16F7-4668-BE54-9A1E7A4F7556}") = "Symbol in Matrix", "Symbol in Matrix\Symbol in Matrix.csproj", "{6C11E13A-1190-4D6C-9C1B-012F15AB48FC}"
EndProject
Project("{FAE04EC0-301F-11D3-BF4B-00C04F79EFBC}") = "Square with Maximum Sum", "Square with Maximum Sum\Square with Maximum Sum.csproj", "{C3B6D242-BF4C-4B67-890C-7E1FD4DC0AE4}"
EndProject
Global
	GlobalSection(SolutionConfigurationPlatforms) = preSolution
		Debug|Any CPU = Debug|Any CPU
		Release|Any CPU = Release|Any CPU
	EndGlobalSection
	GlobalSection(ProjectConfigurationPlatforms) = postSolution
		{5DA26340-FF47-4F01-B7EF-3F313DCAC973}.Debug|Any CPU.ActiveCfg = Debug|Any CPU
		{5DA26340-FF47-4F01-B7EF-3F313DCAC973}.Debug|Any CPU.Build.0 = Debug|Any CPU
		{5DA26340-FF47-4F01-B7EF-3F313DCAC973}.Release|Any CPU.ActiveCfg = Release|Any CPU
		{5DA26340-FF47-4F01-B7EF-3F313DCAC973}.Release|Any CPU.Build.0 = Release|Any CPU
		{E1830498-1111-41E4-BD6A-0D87B3423E2C}.Debug|Any CPU.ActiveCfg = Debug|Any CPU
		{E1830498-1111-41E4-BD6A-0D87B3423E2C}.Debug|Any CPU.Build.0 = Debug|Any CPU
		{E1830498-1111-41E4-BD6A-0D87B3423E2C}.Release|Any CPU.ActiveCfg = Release|Any CPU
		{E1830498-1111-41E4-BD6A-0D87B3423E2C}.Release|Any CPU.Build.0 = Release|Any CPU
		{90DD6773-7638-4BE7-B286-3D963BE8EE45}.Debug|Any CPU.ActiveCfg = Debug|Any CPU
		{90DD6773-7638-4BE7-B286-3D963BE8EE45}.Debug|Any CPU.Build.0 = Debug|Any CPU
		{90DD6773-7638-4BE7-B286-3D963BE8EE45}.Release|Any CPU.ActiveCfg = Release|Any CPU
		{90DD6773-7638-4BE7-B286-3D963BE8EE45}.Release|Any CPU.Build.0 = Release|Any CPU
		{6C11E13A-1190-4D6C-9C1B-012F15AB48FC}.Debug|Any CPU.ActiveCfg = Debug|Any CPU
		{6C11E13A-1190-4D6C-9C1B-012F15AB48FC}.Debug|Any CPU.Build.0 = Debug|Any CPU
		{6C11E13A-1190-4D6C-9C1B-012F15AB48FC}.Release|Any CPU.ActiveCfg = Release|Any CPU
		{6C11E13A-1190-4D6C-9C1B-012F15AB48FC}.Release|Any CPU.Build.0 = Release|Any CPU
		{C3B6D242-BF4C-4B67-890C-7E1FD4DC0AE4}.Debug|Any CPU.ActiveCfg = Debug|Any CPU
		{C3B6D242-BF4C-4B67-890C-7E1FD4DC0AE4}.Debug|Any CPU.Build.0 = Debug|Any CPU
		{C3B6D242-BF4C-4B67-890C-7E1FD4DC0AE4}.Release|Any CPU.ActiveCfg = Release|Any CPU
		{C3B6D242-BF4C-4B67-890C-7E1FD4DC0AE4}.Release|Any CPU.Build.0 = Release|Any CPU
	EndGlobalSection
	GlobalSection(SolutionProperties) = preSolution
		HideSolutionNode = FALSE
	EndGlobalSection
	GlobalSection(ExtensibilityGlobals) = postSolution
		SolutionGuid = {9392F9D6-DECF-49BA-B07C-1071DAFB9E96}
	EndGlobalSection
EndGlobal
